
Microsoft Visual Studio Solution File, Format Version 12.00
# Visual Studio Version 16
VisualStudioVersion = 16.0.30413.136
MinimumVisualStudioVersion = 10.0.40219.1
Project("{FAE04EC0-301F-11D3-BF4B-00C04F79EFBC}") = "TestSignalrServer", "TestSignalrServer\TestSignalrServer.csproj", "{F1A5F3E9-D2DF-4E75-876B-3819D7E9831D}"
EndProject
Project("{FAE04EC0-301F-11D3-BF4B-00C04F79EFBC}") = "TestSignalr", "TestSignalr\TestSignalr.csproj", "{33263D0A-E64A-45A5-ACE1-1323BFFB9D1E}"
EndProject
Project("{FAE04EC0-301F-11D3-BF4B-00C04F79EFBC}") = "TestSignalrForm", "TestSignalrForm\TestSignalrForm.csproj", "{90EE5A4D-9D6E-47F1-868E-B7B6E92C49BD}"
EndProject
Global
	GlobalSection(SolutionConfigurationPlatforms) = preSolution
		Debug|Any CPU = Debug|Any CPU
		Release|Any CPU = Release|Any CPU
	EndGlobalSection
	GlobalSection(ProjectConfigurationPlatforms) = postSolution
		{F1A5F3E9-D2DF-4E75-876B-3819D7E9831D}.Debug|Any CPU.ActiveCfg = Debug|Any CPU
		{F1A5F3E9-D2DF-4E75-876B-3819D7E9831D}.Debug|Any CPU.Build.0 = Debug|Any CPU
		{F1A5F3E9-D2DF-4E75-876B-3819D7E9831D}.Release|Any CPU.ActiveCfg = Release|Any CPU
		{F1A5F3E9-D2DF-4E75-876B-3819D7E9831D}.Release|Any CPU.Build.0 = Release|Any CPU
		{33263D0A-E64A-45A5-ACE1-1323BFFB9D1E}.Debug|Any CPU.ActiveCfg = Debug|Any CPU
		{33263D0A-E64A-45A5-ACE1-1323BFFB9D1E}.Debug|Any CPU.Build.0 = Debug|Any CPU
		{33263D0A-E64A-45A5-ACE1-1323BFFB9D1E}.Release|Any CPU.ActiveCfg = Release|Any CPU
		{33263D0A-E64A-45A5-ACE1-1323BFFB9D1E}.Release|Any CPU.Build.0 = Release|Any CPU
		{90EE5A4D-9D6E-47F1-868E-B7B6E92C49BD}.Debug|Any CPU.ActiveCfg = Debug|Any CPU
		{90EE5A4D-9D6E-47F1-868E-B7B6E92C49BD}.Debug|Any CPU.Build.0 = Debug|Any CPU
		{90EE5A4D-9D6E-47F1-868E-B7B6E92C49BD}.Release|Any CPU.ActiveCfg = Release|Any CPU
		{90EE5A4D-9D6E-47F1-868E-B7B6E92C49BD}.Release|Any CPU.Build.0 = Release|Any CPU
	EndGlobalSection
	GlobalSection(SolutionProperties) = preSolution
		HideSolutionNode = FALSE
	EndGlobalSection
	GlobalSection(ExtensibilityGlobals) = postSolution
		SolutionGuid = {67C072CC-4181-470A-91DA-2F316268CDA4}
	EndGlobalSection
EndGlobal
